
Microsoft Visual Studio Solution File, Format Version 12.00
# Visual Studio 2013
VisualStudioVersion = 12.0.21005.1
MinimumVisualStudioVersion = 10.0.40219.1
Project("{FAE04EC0-301F-11D3-BF4B-00C04F79EFBC}") = "UNWE-Navigator-Services", "UNWE-Navigator-Services\UNWE-Navigator-Services.csproj", "{62EB1114-974A-442B-8DA1-54CBF847BE95}"
EndProject
Project("{FAE04EC0-301F-11D3-BF4B-00C04F79EFBC}") = "UNWE-Navigator-Data", "UNWE-Navigator-Data\UNWE-Navigator-Data.csproj", "{C3D645FD-1BD2-48BE-86F4-1016053F378B}"
EndProject
Global
	GlobalSection(SolutionConfigurationPlatforms) = preSolution
		Debug|Any CPU = Debug|Any CPU
		Release|Any CPU = Release|Any CPU
	EndGlobalSection
	GlobalSection(ProjectConfigurationPlatforms) = postSolution
		{62EB1114-974A-442B-8DA1-54CBF847BE95}.Debug|Any CPU.ActiveCfg = Debug|Any CPU
		{62EB1114-974A-442B-8DA1-54CBF847BE95}.Debug|Any CPU.Build.0 = Debug|Any CPU
		{62EB1114-974A-442B-8DA1-54CBF847BE95}.Release|Any CPU.ActiveCfg = Release|Any CPU
		{62EB1114-974A-442B-8DA1-54CBF847BE95}.Release|Any CPU.Build.0 = Release|Any CPU
		{C3D645FD-1BD2-48BE-86F4-1016053F378B}.Debug|Any CPU.ActiveCfg = Debug|Any CPU
		{C3D645FD-1BD2-48BE-86F4-1016053F378B}.Debug|Any CPU.Build.0 = Debug|Any CPU
		{C3D645FD-1BD2-48BE-86F4-1016053F378B}.Release|Any CPU.ActiveCfg = Release|Any CPU
		{C3D645FD-1BD2-48BE-86F4-1016053F378B}.Release|Any CPU.Build.0 = Release|Any CPU
	EndGlobalSection
	GlobalSection(SolutionProperties) = preSolution
		HideSolutionNode = FALSE
	EndGlobalSection
EndGlobal
